Microsoft Visual Studio Solution File, Format Version 12.00
# Visual Studio Version 17
VisualStudioVersion = 17.5.2.0
MinimumVisualStudioVersion = 10.0.40219.1
Project("{FAE04EC0-301F-11D3-BF4B-00C04F79EFBC}") = "Fzth.Dapper", "src\Fzth.Dapper.csproj", "{A991550F-6428-C1F6-3CD6-882495340E02}"
EndProject
Global
	GlobalSection(SolutionConfigurationPlatforms) = preSolution
		Debug|Any CPU = Debug|Any CPU
		Release|Any CPU = Release|Any CPU
	EndGlobalSection
	GlobalSection(ProjectConfigurationPlatforms) = postSolution
		{A991550F-6428-C1F6-3CD6-882495340E02}.Debug|Any CPU.ActiveCfg = Debug|Any CPU
		{A991550F-6428-C1F6-3CD6-882495340E02}.Debug|Any CPU.Build.0 = Debug|Any CPU
		{A991550F-6428-C1F6-3CD6-882495340E02}.Release|Any CPU.ActiveCfg = Release|Any CPU
		{A991550F-6428-C1F6-3CD6-882495340E02}.Release|Any CPU.Build.0 = Release|Any CPU
	EndGlobalSection
	GlobalSection(SolutionProperties) = preSolution
		HideSolutionNode = FALSE
	EndGlobalSection
	GlobalSection(ExtensibilityGlobals) = postSolution
		SolutionGuid = {23E92958-D921-40CE-8ECA-BDD3C23A5428}
	EndGlobalSection
EndGlobal
